
Microsoft Visual Studio Solution File, Format Version 12.00
Project("{2150E333-8FDC-42A3-9474-1A3956D46DE8}") = "tests", "tests", "{4BE1AA45-9E2A-4FA8-86AE-9695FF27A0AF}"
EndProject
Project("{FAE04EC0-301F-11D3-BF4B-00C04F79EFBC}") = "Domain.Tests", "tests\Domain.Tests\Domain.Tests.csproj", "{52BBDE2D-FDF4-4EF8-912B-58C913019458}"
EndProject
Project("{2150E333-8FDC-42A3-9474-1A3956D46DE8}") = "src", "src", "{1977B0DD-FFF4-4FC7-8A7B-1C259AC26F2D}"
EndProject
Project("{FAE04EC0-301F-11D3-BF4B-00C04F79EFBC}") = "API.IntegrationTests", "tests\API.IntegrationTests\API.IntegrationTests.csproj", "{583BD9D2-2B10-4498-8D68-A7D45BE13DBC}"
EndProject
Project("{FAE04EC0-301F-11D3-BF4B-00C04F79EFBC}") = "Infrastructure", "src\Infrastructure\Infrastructure.csproj", "{B0FC87EC-274D-49B3-93FD-01F7FED258F2}"
EndProject
Project("{FAE04EC0-301F-11D3-BF4B-00C04F79EFBC}") = "Domain", "src\Domain\Domain.csproj", "{E46D42E4-4FBE-4F38-A44A-A967A5623EDD}"
EndProject
Project("{FAE04EC0-301F-11D3-BF4B-00C04F79EFBC}") = "API", "src\API\API.csproj", "{442C01CB-818A-426E-8936-683F20D13387}"
EndProject
Global
	GlobalSection(SolutionConfigurationPlatforms) = preSolution
		Debug|Any CPU = Debug|Any CPU
		Release|Any CPU = Release|Any CPU
	EndGlobalSection
	GlobalSection(ProjectConfigurationPlatforms) = postSolution
		{52BBDE2D-FDF4-4EF8-912B-58C913019458}.Debug|Any CPU.ActiveCfg = Debug|Any CPU
		{52BBDE2D-FDF4-4EF8-912B-58C913019458}.Debug|Any CPU.Build.0 = Debug|Any CPU
		{52BBDE2D-FDF4-4EF8-912B-58C913019458}.Release|Any CPU.ActiveCfg = Release|Any CPU
		{52BBDE2D-FDF4-4EF8-912B-58C913019458}.Release|Any CPU.Build.0 = Release|Any CPU
		{583BD9D2-2B10-4498-8D68-A7D45BE13DBC}.Debug|Any CPU.ActiveCfg = Debug|Any CPU
		{583BD9D2-2B10-4498-8D68-A7D45BE13DBC}.Debug|Any CPU.Build.0 = Debug|Any CPU
		{583BD9D2-2B10-4498-8D68-A7D45BE13DBC}.Release|Any CPU.ActiveCfg = Release|Any CPU
		{583BD9D2-2B10-4498-8D68-A7D45BE13DBC}.Release|Any CPU.Build.0 = Release|Any CPU
		{B0FC87EC-274D-49B3-93FD-01F7FED258F2}.Debug|Any CPU.ActiveCfg = Debug|Any CPU
		{B0FC87EC-274D-49B3-93FD-01F7FED258F2}.Debug|Any CPU.Build.0 = Debug|Any CPU
		{B0FC87EC-274D-49B3-93FD-01F7FED258F2}.Release|Any CPU.ActiveCfg = Release|Any CPU
		{B0FC87EC-274D-49B3-93FD-01F7FED258F2}.Release|Any CPU.Build.0 = Release|Any CPU
		{E46D42E4-4FBE-4F38-A44A-A967A5623EDD}.Debug|Any CPU.ActiveCfg = Debug|Any CPU
		{E46D42E4-4FBE-4F38-A44A-A967A5623EDD}.Debug|Any CPU.Build.0 = Debug|Any CPU
		{E46D42E4-4FBE-4F38-A44A-A967A5623EDD}.Release|Any CPU.ActiveCfg = Release|Any CPU
		{E46D42E4-4FBE-4F38-A44A-A967A5623EDD}.Release|Any CPU.Build.0 = Release|Any CPU
		{442C01CB-818A-426E-8936-683F20D13387}.Debug|Any CPU.ActiveCfg = Debug|Any CPU
		{442C01CB-818A-426E-8936-683F20D13387}.Debug|Any CPU.Build.0 = Debug|Any CPU
		{442C01CB-818A-426E-8936-683F20D13387}.Release|Any CPU.ActiveCfg = Release|Any CPU
		{442C01CB-818A-426E-8936-683F20D13387}.Release|Any CPU.Build.0 = Release|Any CPU
	EndGlobalSection
	GlobalSection(NestedProjects) = preSolution
		{52BBDE2D-FDF4-4EF8-912B-58C913019458} = {4BE1AA45-9E2A-4FA8-86AE-9695FF27A0AF}
		{583BD9D2-2B10-4498-8D68-A7D45BE13DBC} = {4BE1AA45-9E2A-4FA8-86AE-9695FF27A0AF}
		{B0FC87EC-274D-49B3-93FD-01F7FED258F2} = {1977B0DD-FFF4-4FC7-8A7B-1C259AC26F2D}
		{E46D42E4-4FBE-4F38-A44A-A967A5623EDD} = {1977B0DD-FFF4-4FC7-8A7B-1C259AC26F2D}
		{442C01CB-818A-426E-8936-683F20D13387} = {1977B0DD-FFF4-4FC7-8A7B-1C259AC26F2D}
	EndGlobalSection
EndGlobal
